
Microsoft Visual Studio Solution File, Format Version 12.00
# Visual Studio Version 17
VisualStudioVersion = 17.6.33829.357
MinimumVisualStudioVersion = 10.0.40219.1
Project("{9A19103F-16F7-4668-BE54-9A1E7A4F7556}") = "CommonLib", "CommonLib\CommonLib.csproj", "{0B36512A-E7CE-426C-849C-A03C3D8CB7E6}"
EndProject
Project("{9A19103F-16F7-4668-BE54-9A1E7A4F7556}") = "MouseSyncClientCore", "MouseSyncClientCore\MouseSyncClientCore.csproj", "{21AAED18-75FC-4C56-887E-6E5AE2C9867F}"
EndProject
Project("{9A19103F-16F7-4668-BE54-9A1E7A4F7556}") = "WindowsHID", "WindowsHID\WindowsHID.csproj", "{DF20F25F-D384-4755-8F72-FBF3EAB0C3E7}"
EndProject
Project("{9A19103F-16F7-4668-BE54-9A1E7A4F7556}") = "Configuration", "Configuration\Configuration.csproj", "{0EEB1011-4CE4-43D2-952B-2A8CD7010325}"
EndProject
Project("{9A19103F-16F7-4668-BE54-9A1E7A4F7556}") = "MouseSyncServerCore", "MouseSyncServerCore\MouseSyncServerCore.csproj", "{B9B8EFE9-BC19-4511-99A8-C48506C6D6C6}"
EndProject
Project("{9A19103F-16F7-4668-BE54-9A1E7A4F7556}") = "MouseSyncServer", "MouseSyncServer\MouseSyncServer.csproj", "{BD908F02-6ABD-4DD4-A4EA-2A93C11C7301}"
EndProject
Project("{FAE04EC0-301F-11D3-BF4B-00C04F79EFBC}") = "WindowsDataCollection", "WindowsDataCollection\WindowsDataCollection.csproj", "{D01288F3-F877-4B4F-87F8-46F76221467B}"
EndProject
Global
	GlobalSection(SolutionConfigurationPlatforms) = preSolution
		Debug|Any CPU = Debug|Any CPU
		Debug|x64 = Debug|x64
		Debug|x86 = Debug|x86
		Release|Any CPU = Release|Any CPU
		Release|x64 = Release|x64
		Release|x86 = Release|x86
	EndGlobalSection
	GlobalSection(ProjectConfigurationPlatforms) = postSolution
		{0B36512A-E7CE-426C-849C-A03C3D8CB7E6}.Debug|Any CPU.ActiveCfg = Debug|Any CPU
		{0B36512A-E7CE-426C-849C-A03C3D8CB7E6}.Debug|Any CPU.Build.0 = Debug|Any CPU
		{0B36512A-E7CE-426C-849C-A03C3D8CB7E6}.Debug|x64.ActiveCfg = Debug|Any CPU
		{0B36512A-E7CE-426C-849C-A03C3D8CB7E6}.Debug|x64.Build.0 = Debug|Any CPU
		{0B36512A-E7CE-426C-849C-A03C3D8CB7E6}.Debug|x86.ActiveCfg = Debug|Any CPU
		{0B36512A-E7CE-426C-849C-A03C3D8CB7E6}.Debug|x86.Build.0 = Debug|Any CPU
		{0B36512A-E7CE-426C-849C-A03C3D8CB7E6}.Release|Any CPU.ActiveCfg = Release|Any CPU
		{0B36512A-E7CE-426C-849C-A03C3D8CB7E6}.Release|Any CPU.Build.0 = Release|Any CPU
		{0B36512A-E7CE-426C-849C-A03C3D8CB7E6}.Release|x64.ActiveCfg = Release|Any CPU
		{0B36512A-E7CE-426C-849C-A03C3D8CB7E6}.Release|x64.Build.0 = Release|Any CPU
		{0B36512A-E7CE-426C-849C-A03C3D8CB7E6}.Release|x86.ActiveCfg = Release|Any CPU
		{0B36512A-E7CE-426C-849C-A03C3D8CB7E6}.Release|x86.Build.0 = Release|Any CPU
		{21AAED18-75FC-4C56-887E-6E5AE2C9867F}.Debug|Any CPU.ActiveCfg = Debug|Any CPU
		{21AAED18-75FC-4C56-887E-6E5AE2C9867F}.Debug|Any CPU.Build.0 = Debug|Any CPU
		{21AAED18-75FC-4C56-887E-6E5AE2C9867F}.Debug|x64.ActiveCfg = Debug|Any CPU
		{21AAED18-75FC-4C56-887E-6E5AE2C9867F}.Debug|x64.Build.0 = Debug|Any CPU
		{21AAED18-75FC-4C56-887E-6E5AE2C9867F}.Debug|x86.ActiveCfg = Debug|Any CPU
		{21AAED18-75FC-4C56-887E-6E5AE2C9867F}.Debug|x86.Build.0 = Debug|Any CPU
		{21AAED18-75FC-4C56-887E-6E5AE2C9867F}.Release|Any CPU.ActiveCfg = Release|Any CPU
		{21AAED18-75FC-4C56-887E-6E5AE2C9867F}.Release|Any CPU.Build.0 = Release|Any CPU
		{21AAED18-75FC-4C56-887E-6E5AE2C9867F}.Release|x64.ActiveCfg = Release|Any CPU
		{21AAED18-75FC-4C56-887E-6E5AE2C9867F}.Release|x64.Build.0 = Release|Any CPU
		{21AAED18-75FC-4C56-887E-6E5AE2C9867F}.Release|x86.ActiveCfg = Release|Any CPU
		{21AAED18-75FC-4C56-887E-6E5AE2C9867F}.Release|x86.Build.0 = Release|Any CPU
		{DF20F25F-D384-4755-8F72-FBF3EAB0C3E7}.Debug|Any CPU.ActiveCfg = Debug|Any CPU
		{DF20F25F-D384-4755-8F72-FBF3EAB0C3E7}.Debug|Any CPU.Build.0 = Debug|Any CPU
		{DF20F25F-D384-4755-8F72-FBF3EAB0C3E7}.Debug|x64.ActiveCfg = Debug|Any CPU
		{DF20F25F-D384-4755-8F72-FBF3EAB0C3E7}.Debug|x64.Build.0 = Debug|Any CPU
		{DF20F25F-D384-4755-8F72-FBF3EAB0C3E7}.Debug|x86.ActiveCfg = Debug|Any CPU
		{DF20F25F-D384-4755-8F72-FBF3EAB0C3E7}.Debug|x86.Build.0 = Debug|Any CPU
		{DF20F25F-D384-4755-8F72-FBF3EAB0C3E7}.Release|Any CPU.ActiveCfg = Release|Any CPU
		{DF20F25F-D384-4755-8F72-FBF3EAB0C3E7}.Release|Any CPU.Build.0 = Release|Any CPU
		{DF20F25F-D384-4755-8F72-FBF3EAB0C3E7}.Release|x64.ActiveCfg = Release|Any CPU
		{DF20F25F-D384-4755-8F72-FBF3EAB0C3E7}.Release|x64.Build.0 = Release|Any CPU
		{DF20F25F-D384-4755-8F72-FBF3EAB0C3E7}.Release|x86.ActiveCfg = Release|Any CPU
		{DF20F25F-D384-4755-8F72-FBF3EAB0C3E7}.Release|x86.Build.0 = Release|Any CPU
		{0EEB1011-4CE4-43D2-952B-2A8CD7010325}.Debug|Any CPU.ActiveCfg = Debug|Any CPU
		{0EEB1011-4CE4-43D2-952B-2A8CD7010325}.Debug|Any CPU.Build.0 = Debug|Any CPU
		{0EEB1011-4CE4-43D2-952B-2A8CD7010325}.Debug|x64.ActiveCfg = Debug|Any CPU
		{0EEB1011-4CE4-43D2-952B-2A8CD7010325}.Debug|x64.Build.0 = Debug|Any CPU
		{0EEB1011-4CE4-43D2-952B-2A8CD7010325}.Debug|x86.ActiveCfg = Debug|Any CPU
		{0EEB1011-4CE4-43D2-952B-2A8CD7010325}.Debug|x86.Build.0 = Debug|Any CPU
		{0EEB1011-4CE4-43D2-952B-2A8CD7010325}.Release|Any CPU.ActiveCfg = Release|Any CPU
		{0EEB1011-4CE4-43D2-952B-2A8CD7010325}.Release|Any CPU.Build.0 = Release|Any CPU
		{0EEB1011-4CE4-43D2-952B-2A8CD7010325}.Release|x64.ActiveCfg = Release|Any CPU
		{0EEB1011-4CE4-43D2-952B-2A8CD7010325}.Release|x64.Build.0 = Release|Any CPU
		{0EEB1011-4CE4-43D2-952B-2A8CD7010325}.Release|x86.ActiveCfg = Release|Any CPU
		{0EEB1011-4CE4-43D2-952B-2A8CD7010325}.Release|x86.Build.0 = Release|Any CPU
		{704B9376-2995-4C8E-BFA0-4348934DA965}.Debug|Any CPU.ActiveCfg = Debug|Any CPU
		{704B9376-2995-4C8E-BFA0-4348934DA965}.Debug|Any CPU.Build.0 = Debug|Any CPU
		{704B9376-2995-4C8E-BFA0-4348934DA965}.Debug|x64.ActiveCfg = Debug|Any CPU
		{704B9376-2995-4C8E-BFA0-4348934DA965}.Debug|x64.Build.0 = Debug|Any CPU
		{704B9376-2995-4C8E-BFA0-4348934DA965}.Debug|x86.ActiveCfg = Debug|Any CPU
		{704B9376-2995-4C8E-BFA0-4348934DA965}.Debug|x86.Build.0 = Debug|Any CPU
		{704B9376-2995-4C8E-BFA0-4348934DA965}.Release|Any CPU.ActiveCfg = Release|Any CPU
		{704B9376-2995-4C8E-BFA0-4348934DA965}.Release|Any CPU.Build.0 = Release|Any CPU
		{704B9376-2995-4C8E-BFA0-4348934DA965}.Release|x64.ActiveCfg = Release|Any CPU
		{704B9376-2995-4C8E-BFA0-4348934DA965}.Release|x64.Build.0 = Release|Any CPU
		{704B9376-2995-4C8E-BFA0-4348934DA965}.Release|x86.ActiveCfg = Release|Any CPU
		{704B9376-2995-4C8E-BFA0-4348934DA965}.Release|x86.Build.0 = Release|Any CPU
		{B9B8EFE9-BC19-4511-99A8-C48506C6D6C6}.Debug|Any CPU.ActiveCfg = Debug|Any CPU
		{B9B8EFE9-BC19-4511-99A8-C48506C6D6C6}.Debug|Any CPU.Build.0 = Debug|Any CPU
		{B9B8EFE9-BC19-4511-99A8-C48506C6D6C6}.Debug|x64.ActiveCfg = Debug|Any CPU
		{B9B8EFE9-BC19-4511-99A8-C48506C6D6C6}.Debug|x64.Build.0 = Debug|Any CPU
		{B9B8EFE9-BC19-4511-99A8-C48506C6D6C6}.Debug|x86.ActiveCfg = Debug|Any CPU
		{B9B8EFE9-BC19-4511-99A8-C48506C6D6C6}.Debug|x86.Build.0 = Debug|Any CPU
		{B9B8EFE9-BC19-4511-99A8-C48506C6D6C6}.Release|Any CPU.ActiveCfg = Release|Any CPU
		{B9B8EFE9-BC19-4511-99A8-C48506C6D6C6}.Release|Any CPU.Build.0 = Release|Any CPU
		{B9B8EFE9-BC19-4511-99A8-C48506C6D6C6}.Release|x64.ActiveCfg = Release|Any CPU
		{B9B8EFE9-BC19-4511-99A8-C48506C6D6C6}.Release|x64.Build.0 = Release|Any CPU
		{B9B8EFE9-BC19-4511-99A8-C48506C6D6C6}.Release|x86.ActiveCfg = Release|Any CPU
		{B9B8EFE9-BC19-4511-99A8-C48506C6D6C6}.Release|x86.Build.0 = Release|Any CPU
		{D66EB0B4-2B38-45A1-B304-53157331E1BE}.Debug|Any CPU.ActiveCfg = Debug|Any CPU
		{D66EB0B4-2B38-45A1-B304-53157331E1BE}.Debug|Any CPU.Build.0 = Debug|Any CPU
		{D66EB0B4-2B38-45A1-B304-53157331E1BE}.Debug|Any CPU.Deploy.0 = Debug|Any CPU
		{D66EB0B4-2B38-45A1-B304-53157331E1BE}.Debug|x64.ActiveCfg = Debug|Any CPU
		{D66EB0B4-2B38-45A1-B304-53157331E1BE}.Debug|x64.Build.0 = Debug|Any CPU
		{D66EB0B4-2B38-45A1-B304-53157331E1BE}.Debug|x64.Deploy.0 = Debug|Any CPU
		{D66EB0B4-2B38-45A1-B304-53157331E1BE}.Debug|x86.ActiveCfg = Debug|Any CPU
		{D66EB0B4-2B38-45A1-B304-53157331E1BE}.Debug|x86.Build.0 = Debug|Any CPU
		{D66EB0B4-2B38-45A1-B304-53157331E1BE}.Debug|x86.Deploy.0 = Debug|Any CPU
		{D66EB0B4-2B38-45A1-B304-53157331E1BE}.Release|Any CPU.ActiveCfg = Release|Any CPU
		{D66EB0B4-2B38-45A1-B304-53157331E1BE}.Release|Any CPU.Build.0 = Release|Any CPU
		{D66EB0B4-2B38-45A1-B304-53157331E1BE}.Release|Any CPU.Deploy.0 = Release|Any CPU
		{D66EB0B4-2B38-45A1-B304-53157331E1BE}.Release|x64.ActiveCfg = Release|Any CPU
		{D66EB0B4-2B38-45A1-B304-53157331E1BE}.Release|x64.Build.0 = Release|Any CPU
		{D66EB0B4-2B38-45A1-B304-53157331E1BE}.Release|x64.Deploy.0 = Release|Any CPU
		{D66EB0B4-2B38-45A1-B304-53157331E1BE}.Release|x86.ActiveCfg = Release|Any CPU
		{D66EB0B4-2B38-45A1-B304-53157331E1BE}.Release|x86.Build.0 = Release|Any CPU
		{D66EB0B4-2B38-45A1-B304-53157331E1BE}.Release|x86.Deploy.0 = Release|Any CPU
		{BD908F02-6ABD-4DD4-A4EA-2A93C11C7301}.Debug|Any CPU.ActiveCfg = Debug|Any CPU
		{BD908F02-6ABD-4DD4-A4EA-2A93C11C7301}.Debug|Any CPU.Build.0 = Debug|Any CPU
		{BD908F02-6ABD-4DD4-A4EA-2A93C11C7301}.Debug|x64.ActiveCfg = Debug|Any CPU
		{BD908F02-6ABD-4DD4-A4EA-2A93C11C7301}.Debug|x64.Build.0 = Debug|Any CPU
		{BD908F02-6ABD-4DD4-A4EA-2A93C11C7301}.Debug|x86.ActiveCfg = Debug|Any CPU
		{BD908F02-6ABD-4DD4-A4EA-2A93C11C7301}.Debug|x86.Build.0 = Debug|Any CPU
		{BD908F02-6ABD-4DD4-A4EA-2A93C11C7301}.Release|Any CPU.ActiveCfg = Release|Any CPU
		{BD908F02-6ABD-4DD4-A4EA-2A93C11C7301}.Release|Any CPU.Build.0 = Release|Any CPU
		{BD908F02-6ABD-4DD4-A4EA-2A93C11C7301}.Release|x64.ActiveCfg = Release|Any CPU
		{BD908F02-6ABD-4DD4-A4EA-2A93C11C7301}.Release|x64.Build.0 = Release|Any CPU
		{BD908F02-6ABD-4DD4-A4EA-2A93C11C7301}.Release|x86.ActiveCfg = Release|Any CPU
		{BD908F02-6ABD-4DD4-A4EA-2A93C11C7301}.Release|x86.Build.0 = Release|Any CPU
		{D01288F3-F877-4B4F-87F8-46F76221467B}.Debug|Any CPU.ActiveCfg = Debug|Any CPU
		{D01288F3-F877-4B4F-87F8-46F76221467B}.Debug|Any CPU.Build.0 = Debug|Any CPU
		{D01288F3-F877-4B4F-87F8-46F76221467B}.Debug|x64.ActiveCfg = Debug|Any CPU
		{D01288F3-F877-4B4F-87F8-46F76221467B}.Debug|x64.Build.0 = Debug|Any CPU
		{D01288F3-F877-4B4F-87F8-46F76221467B}.Debug|x86.ActiveCfg = Debug|Any CPU
		{D01288F3-F877-4B4F-87F8-46F76221467B}.Debug|x86.Build.0 = Debug|Any CPU
		{D01288F3-F877-4B4F-87F8-46F76221467B}.Release|Any CPU.ActiveCfg = Release|Any CPU
		{D01288F3-F877-4B4F-87F8-46F76221467B}.Release|Any CPU.Build.0 = Release|Any CPU
		{D01288F3-F877-4B4F-87F8-46F76221467B}.Release|x64.ActiveCfg = Release|Any CPU
		{D01288F3-F877-4B4F-87F8-46F76221467B}.Release|x64.Build.0 = Release|Any CPU
		{D01288F3-F877-4B4F-87F8-46F76221467B}.Release|x86.ActiveCfg = Release|Any CPU
		{D01288F3-F877-4B4F-87F8-46F76221467B}.Release|x86.Build.0 = Release|Any CPU
	EndGlobalSection
	GlobalSection(SolutionProperties) = preSolution
		HideSolutionNode = FALSE
	EndGlobalSection
	GlobalSection(ExtensibilityGlobals) = postSolution
		SolutionGuid = {45933CA1-99BC-474A-B479-7F69BD4B36C0}
	EndGlobalSection
EndGlobal
